
Microsoft Visual Studio Solution File, Format Version 12.00
# Visual Studio Version 16
VisualStudioVersion = 16.0.30002.166
MinimumVisualStudioVersion = 10.0.40219.1
Project("{9A19103F-16F7-4668-BE54-9A1E7A4F7556}") = "Bookstore.Concepts", "src\Bookstore.Concepts\Bookstore.Concepts.csproj", "{1FC8A5E9-CEEF-4FDB-B781-EDA06B14817C}"
EndProject
Project("{9A19103F-16F7-4668-BE54-9A1E7A4F7556}") = "Bookstore.Service", "src\Bookstore.Service\Bookstore.Service.csproj", "{E3EA6B67-E61D-456B-90E5-1D8FDF9E0962}"
EndProject
Project("{9A19103F-16F7-4668-BE54-9A1E7A4F7556}") = "Bookstore.Service.Test", "test\Bookstore.Service.Test\Bookstore.Service.Test.csproj", "{72873535-E3FB-442F-BDEB-E364D502E472}"
EndProject
Project("{9A19103F-16F7-4668-BE54-9A1E7A4F7556}") = "Bookstore.Playground", "test\Bookstore.Playground\Bookstore.Playground.csproj", "{EDC6CD1F-515B-4719-8429-27CF4E4EBB7E}"
EndProject
Project("{2150E333-8FDC-42A3-9474-1A3956D46DE8}") = "Solution Items", "Solution Items", "{07CDC0F8-9B9C-4197-8D5A-56287B53A004}"
	ProjectSection(SolutionItems) = preProject
		.gitignore = .gitignore
		src\Bookstore.nuspec = src\Bookstore.nuspec
		Build.ps1 = Build.ps1
		Directory.Build.props = Directory.Build.props
		Readme.md = Readme.md
		tools\Build\Remove-AllBinaries.ps1 = tools\Build\Remove-AllBinaries.ps1
		tools\Configs\Templates\Template.rhetos-app.local.settings.json = tools\Configs\Templates\Template.rhetos-app.local.settings.json
		tools\Build\Test-CleanBuild.ps1 = tools\Build\Test-CleanBuild.ps1
		tools\Build\Test-RhetosPrerequisites.ps1 = tools\Build\Test-RhetosPrerequisites.ps1
		Test.ps1 = Test.ps1
	EndProjectSection
EndProject
Global
	GlobalSection(SolutionConfigurationPlatforms) = preSolution
		Debug|Any CPU = Debug|Any CPU
		Release|Any CPU = Release|Any CPU
	EndGlobalSection
	GlobalSection(ProjectConfigurationPlatforms) = postSolution
		{1FC8A5E9-CEEF-4FDB-B781-EDA06B14817C}.Debug|Any CPU.ActiveCfg = Debug|Any CPU
		{1FC8A5E9-CEEF-4FDB-B781-EDA06B14817C}.Debug|Any CPU.Build.0 = Debug|Any CPU
		{1FC8A5E9-CEEF-4FDB-B781-EDA06B14817C}.Release|Any CPU.ActiveCfg = Release|Any CPU
		{1FC8A5E9-CEEF-4FDB-B781-EDA06B14817C}.Release|Any CPU.Build.0 = Release|Any CPU
		{E3EA6B67-E61D-456B-90E5-1D8FDF9E0962}.Debug|Any CPU.ActiveCfg = Debug|Any CPU
		{E3EA6B67-E61D-456B-90E5-1D8FDF9E0962}.Debug|Any CPU.Build.0 = Debug|Any CPU
		{E3EA6B67-E61D-456B-90E5-1D8FDF9E0962}.Release|Any CPU.ActiveCfg = Release|Any CPU
		{E3EA6B67-E61D-456B-90E5-1D8FDF9E0962}.Release|Any CPU.Build.0 = Release|Any CPU
		{72873535-E3FB-442F-BDEB-E364D502E472}.Debug|Any CPU.ActiveCfg = Debug|Any CPU
		{72873535-E3FB-442F-BDEB-E364D502E472}.Debug|Any CPU.Build.0 = Debug|Any CPU
		{72873535-E3FB-442F-BDEB-E364D502E472}.Release|Any CPU.ActiveCfg = Release|Any CPU
		{72873535-E3FB-442F-BDEB-E364D502E472}.Release|Any CPU.Build.0 = Release|Any CPU
		{EDC6CD1F-515B-4719-8429-27CF4E4EBB7E}.Debug|Any CPU.ActiveCfg = Debug|Any CPU
		{EDC6CD1F-515B-4719-8429-27CF4E4EBB7E}.Debug|Any CPU.Build.0 = Debug|Any CPU
		{EDC6CD1F-515B-4719-8429-27CF4E4EBB7E}.Release|Any CPU.ActiveCfg = Release|Any CPU
		{EDC6CD1F-515B-4719-8429-27CF4E4EBB7E}.Release|Any CPU.Build.0 = Release|Any CPU
	EndGlobalSection
	GlobalSection(SolutionProperties) = preSolution
		HideSolutionNode = FALSE
	EndGlobalSection
	GlobalSection(ExtensibilityGlobals) = postSolution
		SolutionGuid = {380E898D-2C5D-40AD-BC55-AD050B2C0957}
	EndGlobalSection
EndGlobal
