
Microsoft Visual Studio Solution File, Format Version 12.00
# Visual Studio 15
VisualStudioVersion = 15.0.28010.2003
MinimumVisualStudioVersion = 10.0.40219.1
Project("{FAE04EC0-301F-11D3-BF4B-00C04F79EFBC}") = "Bookstore.Algorithms", "src\Bookstore.Algorithms\Bookstore.Algorithms.csproj", "{AC79DDCF-2D5E-41A7-B593-609E601C91D1}"
EndProject
Project("{FAE04EC0-301F-11D3-BF4B-00C04F79EFBC}") = "Bookstore.Algorithms.Test", "test\Bookstore.Algorithms.Test\Bookstore.Algorithms.Test.csproj", "{8828A480-A393-44B1-9565-BF33FE30278B}"
EndProject
Project("{FAE04EC0-301F-11D3-BF4B-00C04F79EFBC}") = "Bookstore.Concepts", "src\Bookstore.Concepts\Bookstore.Concepts.csproj", "{1FC8A5E9-CEEF-4FDB-B781-EDA06B14817C}"
EndProject
Global
	GlobalSection(SolutionConfigurationPlatforms) = preSolution
		Debug|Any CPU = Debug|Any CPU
		Release|Any CPU = Release|Any CPU
	EndGlobalSection
	GlobalSection(ProjectConfigurationPlatforms) = postSolution
		{AC79DDCF-2D5E-41A7-B593-609E601C91D1}.Debug|Any CPU.ActiveCfg = Debug|Any CPU
		{AC79DDCF-2D5E-41A7-B593-609E601C91D1}.Debug|Any CPU.Build.0 = Debug|Any CPU
		{AC79DDCF-2D5E-41A7-B593-609E601C91D1}.Release|Any CPU.ActiveCfg = Release|Any CPU
		{AC79DDCF-2D5E-41A7-B593-609E601C91D1}.Release|Any CPU.Build.0 = Release|Any CPU
		{8828A480-A393-44B1-9565-BF33FE30278B}.Debug|Any CPU.ActiveCfg = Debug|Any CPU
		{8828A480-A393-44B1-9565-BF33FE30278B}.Debug|Any CPU.Build.0 = Debug|Any CPU
		{8828A480-A393-44B1-9565-BF33FE30278B}.Release|Any CPU.ActiveCfg = Release|Any CPU
		{8828A480-A393-44B1-9565-BF33FE30278B}.Release|Any CPU.Build.0 = Release|Any CPU
		{1FC8A5E9-CEEF-4FDB-B781-EDA06B14817C}.Debug|Any CPU.ActiveCfg = Debug|Any CPU
		{1FC8A5E9-CEEF-4FDB-B781-EDA06B14817C}.Debug|Any CPU.Build.0 = Debug|Any CPU
		{1FC8A5E9-CEEF-4FDB-B781-EDA06B14817C}.Release|Any CPU.ActiveCfg = Release|Any CPU
		{1FC8A5E9-CEEF-4FDB-B781-EDA06B14817C}.Release|Any CPU.Build.0 = Release|Any CPU
	EndGlobalSection
	GlobalSection(SolutionProperties) = preSolution
		HideSolutionNode = FALSE
	EndGlobalSection
	GlobalSection(ExtensibilityGlobals) = postSolution
		SolutionGuid = {380E898D-2C5D-40AD-BC55-AD050B2C0957}
	EndGlobalSection
EndGlobal
