
Microsoft Visual Studio Solution File, Format Version 12.00
# Visual Studio 15
VisualStudioVersion = 15.0.28307.421
MinimumVisualStudioVersion = 10.0.40219.1
Project("{FAE04EC0-301F-11D3-BF4B-00C04F79EFBC}") = "Bookstore.Playground", "Bookstore.Playground.csproj", "{EDC6CD1F-515B-4719-8429-27CF4E4EBB7E}"
EndProject
Global
	GlobalSection(SolutionConfigurationPlatforms) = preSolution
		Debug|Any CPU = Debug|Any CPU
		Release|Any CPU = Release|Any CPU
	EndGlobalSection
	GlobalSection(ProjectConfigurationPlatforms) = postSolution
		{EDC6CD1F-515B-4719-8429-27CF4E4EBB7E}.Debug|Any CPU.ActiveCfg = Debug|Any CPU
		{EDC6CD1F-515B-4719-8429-27CF4E4EBB7E}.Debug|Any CPU.Build.0 = Debug|Any CPU
		{EDC6CD1F-515B-4719-8429-27CF4E4EBB7E}.Release|Any CPU.ActiveCfg = Release|Any CPU
		{EDC6CD1F-515B-4719-8429-27CF4E4EBB7E}.Release|Any CPU.Build.0 = Release|Any CPU
	EndGlobalSection
	GlobalSection(SolutionProperties) = preSolution
		HideSolutionNode = FALSE
	EndGlobalSection
	GlobalSection(ExtensibilityGlobals) = postSolution
		SolutionGuid = {FBAFBA4F-7CCC-4E9D-93F7-D862CF1FF565}
	EndGlobalSection
EndGlobal
